
Microsoft Visual Studio Solution File, Format Version 12.00
# Visual Studio Version 17
VisualStudioVersion = 17.7.34031.279
MinimumVisualStudioVersion = 10.0.40219.1
Project("{FAE04EC0-301F-11D3-BF4B-00C04F79EFBC}") = "Экзамен_Диана", "Экзамен_Диана\Экзамен_Диана.csproj", "{C8484DCA-F1A6-4136-B627-3844239DF2EA}"
EndProject
Global
	GlobalSection(SolutionConfigurationPlatforms) = preSolution
		Debug|Any CPU = Debug|Any CPU
		Release|Any CPU = Release|Any CPU
	EndGlobalSection
	GlobalSection(ProjectConfigurationPlatforms) = postSolution
		{C8484DCA-F1A6-4136-B627-3844239DF2EA}.Debug|Any CPU.ActiveCfg = Debug|Any CPU
		{C8484DCA-F1A6-4136-B627-3844239DF2EA}.Debug|Any CPU.Build.0 = Debug|Any CPU
		{C8484DCA-F1A6-4136-B627-3844239DF2EA}.Release|Any CPU.ActiveCfg = Release|Any CPU
		{C8484DCA-F1A6-4136-B627-3844239DF2EA}.Release|Any CPU.Build.0 = Release|Any CPU
	EndGlobalSection
	GlobalSection(SolutionProperties) = preSolution
		HideSolutionNode = FALSE
	EndGlobalSection
	GlobalSection(ExtensibilityGlobals) = postSolution
		SolutionGuid = {3E051F3A-D85E-4FAA-B62A-A453E73166AC}
	EndGlobalSection
EndGlobal
